<?xml version="1.0" encoding="utf-8"?>
<Project ToolsVersion="4.0" xmlns="http://schemas.microsoft.com/developer/msbuild/2003">
  <ItemGroup>
    <Filter Include="Source Files">
      <UniqueIdentifier>{4FC737F1-C7A5-4376-A066-2A32D752A2FF}</UniqueIdentifier>
      <Extensions>cpp;c;cc;cxx;def;odl;idl;hpj;bat;asm;asmx</Extensions>
    </Filter>
    <Filter Include="Header Files">
      <UniqueIdentifier>{93995380-89BD-4b04-88EB-625FBE52EBFB}</UniqueIdentifier>
      <Extensions>h;hpp;hxx;hm;inl;inc;xsd</Extensions>
    </Filter>
    <Filter Include="Resource Files">
      <UniqueIdentifier>{67DA6AB6-F800-4c08-8B7A-83BB121AAD01}</UniqueIdentifier>
      <Extensions>rc;ico;cur;bmp;dlg;rc2;rct;bin;rgs;gif;jpg;jpeg;jpe;resx;tiff;tif;png;wav;mfcribbon-ms</Extensions>
    </Filter>
    <Filter Include="Header Files\prototype">
      <UniqueIdentifier>{85f3d843-00b5-41c6-a70b-9fe3a9f0a1e7}</UniqueIdentifier>
    </Filter>
    <Filter Include="Source Files\glew">
      <UniqueIdentifier>{e5826e4c-0793-4cbd-a66a-2e434e191b19}</UniqueIdentifier>
    </Filter>
  </ItemGroup>
  <ItemGroup>
    <ClInclude Include="include\prototype\prototype.h">
      <Filter>Header Files\prototype</Filter>
    </ClInclude>
    <ClInclude Include="include\prototype\window.h">
      <Filter>Header Files\prototype</Filter>
    </ClInclude>
    <ClInclude Include="include\prototype\gl.h">
      <Filter>Header Files\prototype</Filter>
    </ClInclude>
    <ClInclude Include="include\prototype\driver.h">
      <Filter>Header Files\prototype</Filter>
    </ClInclude>
    <ClInclude Include="include\prototype\audio.h">
      <Filter>Header Files\prototype</Filter>
    </ClInclude>
    <ClInclude Include="include\prototype\input.h">
      <Filter>Header Files\prototype</Filter>
    </ClInclude>
    <ClInclude Include="include\prototype\driver_internal.h">
      <Filter>Header Files\prototype</Filter>
    </ClInclude>
    <ClInclude Include="include\prototype\binding.h">
      <Filter>Header Files\prototype</Filter>
    </ClInclude>
    <ClInclude Include="include\prototype\key.h">
      <Filter>Header Files\prototype</Filter>
    </ClInclude>
    <ClInclude Include="include\prototype\model.h">
      <Filter>Header Files\prototype</Filter>
    </ClInclude>
    <ClInclude Include="include\prototype\mesh.h">
      <Filter>Header Files\prototype</Filter>
    </ClInclude>
    <ClInclude Include="include\prototype\matrix.h">
      <Filter>Header Files\prototype</Filter>
    </ClInclude>
    <ClInclude Include="include\prototype\point.h">
      <Filter>Header Files\prototype</Filter>
    </ClInclude>
    <ClInclude Include="include\prototype\shader.h">
      <Filter>Header Files\prototype</Filter>
    </ClInclude>
    <ClInclude Include="include\prototype\font.h">
      <Filter>Header Files\prototype</Filter>
    </ClInclude>
    <ClInclude Include="include\prototype\texture.h">
      <Filter>Header Files\prototype</Filter>
    </ClInclude>
    <ClInclude Include="include\prototype\image.h">
      <Filter>Header Files\prototype</Filter>
    </ClInclude>
  </ItemGroup>
  <ItemGroup>
    <ClCompile Include="src\window_win32.cpp">
      <Filter>Source Files</Filter>
    </ClCompile>
    <ClCompile Include="src\input.cpp">
      <Filter>Source Files</Filter>
    </ClCompile>
    <ClCompile Include="src\driver.cpp">
      <Filter>Source Files</Filter>
    </ClCompile>
    <ClCompile Include="src\input_xinput.cpp">
      <Filter>Source Files</Filter>
    </ClCompile>
    <ClCompile Include="src\binding.cpp">
      <Filter>Source Files</Filter>
    </ClCompile>
    <ClCompile Include="src\window.cpp">
      <Filter>Source Files</Filter>
    </ClCompile>
    <ClCompile Include="..\glew\src\glew.c">
      <Filter>Source Files\glew</Filter>
    </ClCompile>
    <ClCompile Include="src\input_win32.cpp">
      <Filter>Source Files</Filter>
    </ClCompile>
    <ClCompile Include="src\key.cpp">
      <Filter>Source Files</Filter>
    </ClCompile>
    <ClCompile Include="src\mesh.cpp">
      <Filter>Source Files</Filter>
    </ClCompile>
    <ClCompile Include="src\shader.cpp">
      <Filter>Source Files</Filter>
    </ClCompile>
    <ClCompile Include="src\prototype.cpp">
      <Filter>Source Files</Filter>
    </ClCompile>
    <ClCompile Include="src\model.cpp">
      <Filter>Source Files</Filter>
    </ClCompile>
    <ClCompile Include="src\texture.cpp">
      <Filter>Source Files</Filter>
    </ClCompile>
    <ClCompile Include="src\image_png.cpp">
      <Filter>Source Files</Filter>
    </ClCompile>
    <ClCompile Include="src\sound_ogg.cpp">
      <Filter>Source Files</Filter>
    </ClCompile>
    <ClCompile Include="src\audio_xaudio.cpp">
      <Filter>Source Files</Filter>
    </ClCompile>
    <ClCompile Include="src\audio.cpp">
      <Filter>Source Files</Filter>
    </ClCompile>
  </ItemGroup>
</Project>